// !$*UTF8*$!
{
	archiveVersion = 1;
	classes = {
	};
	objectVersion = 56;
	objects = {

/* Begin PBXBuildFile section */
		A0D2F3AD1AD900728949783E /* Pods_Test.framework in Frameworks */ = {isa = PBXBuildFile; fileRef = 536AD88437D79D99D975C13E /* Pods_Test.framework */; };
		BC79ECE92B9B02BF0098C2D9 /* AppDelegate.swift in Sources */ = {isa = PBXBuildFile; fileRef = BC79ECE82B9B02BF0098C2D9 /* AppDelegate.swift */; };
		BC79ECED2B9B02BF0098C2D9 /* ViewController.swift in Sources */ = {isa = PBXBuildFile; fileRef = BC79ECEC2B9B02BF0098C2D9 /* ViewController.swift */; };
		BC79ECF02B9B02BF0098C2D9 /* Main.storyboard in Resources */ = {isa = PBXBuildFile; fileRef = BC79ECEE2B9B02BF0098C2D9 /* Main.storyboard */; };
		BC79ECF22B9B02C10098C2D9 /* Assets.xcassets in Resources */ = {isa = PBXBuildFile; fileRef = BC79ECF12B9B02C10098C2D9 /* Assets.xcassets */; };
		BC79ECF52B9B02C10098C2D9 /* LaunchScreen.storyboard in Resources */ = {isa = PBXBuildFile; fileRef = BC79ECF32B9B02C10098C2D9 /* LaunchScreen.storyboard */; };
		BC79ECFE2B9B167F0098C2D9 /* loginTextfieldView.swift in Sources */ = {isa = PBXBuildFile; fileRef = BC79ECFD2B9B167F0098C2D9 /* loginTextfieldView.swift */; };
		BC79ED032B9C3B7D0098C2D9 /* LoginViewController.swift in Sources */ = {isa = PBXBuildFile; fileRef = BC79ED022B9C3B7D0098C2D9 /* LoginViewController.swift */; };
		BC79ED062B9EAD9E0098C2D9 /* timer.swift in Sources */ = {isa = PBXBuildFile; fileRef = BC79ED052B9EAD9E0098C2D9 /* timer.swift */; };
		BC79ED082B9F010B0098C2D9 /* MaskView.swift in Sources */ = {isa = PBXBuildFile; fileRef = BC79ED072B9F010B0098C2D9 /* MaskView.swift */; };
		BC79ED0A2B9F185D0098C2D9 /* LoginTextField+TextFieldDetegate.swift in Sources */ = {isa = PBXBuildFile; fileRef = BC79ED092B9F185D0098C2D9 /* LoginTextField+TextFieldDetegate.swift */; };
		BC79ED0C2B9F29800098C2D9 /* ViewController+CaptchaFunc.swift in Sources */ = {isa = PBXBuildFile; fileRef = BC79ED0B2B9F29800098C2D9 /* ViewController+CaptchaFunc.swift */; };
		BC79ED0E2B9F2A4A0098C2D9 /* VIewController+LoginFunc.swift in Sources */ = {isa = PBXBuildFile; fileRef = BC79ED0D2B9F2A4A0098C2D9 /* VIewController+LoginFunc.swift */; };
		BC79ED122BA141480098C2D9 /* loginTextFieldModel.swift in Sources */ = {isa = PBXBuildFile; fileRef = BC79ED112BA141480098C2D9 /* loginTextFieldModel.swift */; };
		BC79ED162BA142940098C2D9 /* LoginTextFieldViewModel.swift in Sources */ = {isa = PBXBuildFile; fileRef = BC79ED152BA142940098C2D9 /* LoginTextFieldViewModel.swift */; };
		BC79ED182BA153A90098C2D9 /* LoginTextFieldViewController.swift in Sources */ = {isa = PBXBuildFile; fileRef = BC79ED172BA153A90098C2D9 /* LoginTextFieldViewController.swift */; };
		BC79ED1A2BA17A260098C2D9 /* HeaderVIew.swift in Sources */ = {isa = PBXBuildFile; fileRef = BC79ED192BA17A260098C2D9 /* HeaderVIew.swift */; };
		BC79ED1C2BA185BD0098C2D9 /* LoginTextItemView.swift in Sources */ = {isa = PBXBuildFile; fileRef = BC79ED1B2BA185BD0098C2D9 /* LoginTextItemView.swift */; };
		BC79ED1E2BA190650098C2D9 /* LoginButtonAndprivacyTextView.swift in Sources */ = {isa = PBXBuildFile; fileRef = BC79ED1D2BA190650098C2D9 /* LoginButtonAndprivacyTextView.swift */; };
/* End PBXBuildFile section */

/* Begin PBXFileReference section */
		536AD88437D79D99D975C13E /* Pods_Test.framework */ = {isa = PBXFileReference; explicitFileType = wrapper.framework; includeInIndex = 0; path = Pods_Test.framework; sourceTree = BUILT_PRODUCTS_DIR; };
		64DAF0E4FC5FF95FA0DB8F39 /* Pods-Test.debug.xcconfig */ = {isa = PBXFileReference; includeInIndex = 1; lastKnownFileType = text.xcconfig; name = "Pods-Test.debug.xcconfig"; path = "Target Support Files/Pods-Test/Pods-Test.debug.xcconfig"; sourceTree = "<group>"; };
		BC79ECE52B9B02BF0098C2D9 /* Test.app */ = {isa = PBXFileReference; explicitFileType = wrapper.application; includeInIndex = 0; path = Test.app; sourceTree = BUILT_PRODUCTS_DIR; };
		BC79ECE82B9B02BF0098C2D9 /* AppDelegate.swift */ = {isa = PBXFileReference; lastKnownFileType = sourcecode.swift; path = AppDelegate.swift; sourceTree = "<group>"; };
		BC79ECEC2B9B02BF0098C2D9 /* ViewController.swift */ = {isa = PBXFileReference; lastKnownFileType = sourcecode.swift; path = ViewController.swift; sourceTree = "<group>"; };
		BC79ECEF2B9B02BF0098C2D9 /* Base */ = {isa = PBXFileReference; lastKnownFileType = file.storyboard; name = Base; path = Base.lproj/Main.storyboard; sourceTree = "<group>"; };
		BC79ECF12B9B02C10098C2D9 /* Assets.xcassets */ = {isa = PBXFileReference; lastKnownFileType = folder.assetcatalog; path = Assets.xcassets; sourceTree = "<group>"; };
		BC79ECF42B9B02C10098C2D9 /* Base */ = {isa = PBXFileReference; lastKnownFileType = file.storyboard; name = Base; path = Base.lproj/LaunchScreen.storyboard; sourceTree = "<group>"; };
		BC79ECF62B9B02C10098C2D9 /* Info.plist */ = {isa = PBXFileReference; lastKnownFileType = text.plist.xml; path = Info.plist; sourceTree = "<group>"; };
		BC79ECFD2B9B167F0098C2D9 /* loginTextfieldView.swift */ = {isa = PBXFileReference; lastKnownFileType = sourcecode.swift; path = loginTextfieldView.swift; sourceTree = "<group>"; };
		BC79ED022B9C3B7D0098C2D9 /* LoginViewController.swift */ = {isa = PBXFileReference; lastKnownFileType = sourcecode.swift; path = LoginViewController.swift; sourceTree = "<group>"; };
		BC79ED052B9EAD9E0098C2D9 /* timer.swift */ = {isa = PBXFileReference; lastKnownFileType = sourcecode.swift; path = timer.swift; sourceTree = "<group>"; };
		BC79ED072B9F010B0098C2D9 /* MaskView.swift */ = {isa = PBXFileReference; lastKnownFileType = sourcecode.swift; path = MaskView.swift; sourceTree = "<group>"; };
		BC79ED092B9F185D0098C2D9 /* LoginTextField+TextFieldDetegate.swift */ = {isa = PBXFileReference; lastKnownFileType = sourcecode.swift; path = "LoginTextField+TextFieldDetegate.swift"; sourceTree = "<group>"; };
		BC79ED0B2B9F29800098C2D9 /* ViewController+CaptchaFunc.swift */ = {isa = PBXFileReference; lastKnownFileType = sourcecode.swift; path = "ViewController+CaptchaFunc.swift"; sourceTree = "<group>"; };
		BC79ED0D2B9F2A4A0098C2D9 /* VIewController+LoginFunc.swift */ = {isa = PBXFileReference; lastKnownFileType = sourcecode.swift; path = "VIewController+LoginFunc.swift"; sourceTree = "<group>"; };
		BC79ED112BA141480098C2D9 /* loginTextFieldModel.swift */ = {isa = PBXFileReference; lastKnownFileType = sourcecode.swift; path = loginTextFieldModel.swift; sourceTree = "<group>"; };
		BC79ED152BA142940098C2D9 /* LoginTextFieldViewModel.swift */ = {isa = PBXFileReference; lastKnownFileType = sourcecode.swift; path = LoginTextFieldViewModel.swift; sourceTree = "<group>"; };
		BC79ED172BA153A90098C2D9 /* LoginTextFieldViewController.swift */ = {isa = PBXFileReference; lastKnownFileType = sourcecode.swift; path = LoginTextFieldViewController.swift; sourceTree = "<group>"; };
		BC79ED192BA17A260098C2D9 /* HeaderVIew.swift */ = {isa = PBXFileReference; lastKnownFileType = sourcecode.swift; path = HeaderVIew.swift; sourceTree = "<group>"; };
		BC79ED1B2BA185BD0098C2D9 /* LoginTextItemView.swift */ = {isa = PBXFileReference; lastKnownFileType = sourcecode.swift; path = LoginTextItemView.swift; sourceTree = "<group>"; };
		BC79ED1D2BA190650098C2D9 /* LoginButtonAndprivacyTextView.swift */ = {isa = PBXFileReference; lastKnownFileType = sourcecode.swift; path = LoginButtonAndprivacyTextView.swift; sourceTree = "<group>"; };
		FD107B98BC9C29F17B9C8AB0 /* Pods-Test.release.xcconfig */ = {isa = PBXFileReference; includeInIndex = 1; lastKnownFileType = text.xcconfig; name = "Pods-Test.release.xcconfig"; path = "Target Support Files/Pods-Test/Pods-Test.release.xcconfig"; sourceTree = "<group>"; };
/* End PBXFileReference section */

/* Begin PBXFrameworksBuildPhase section */
		BC79ECE22B9B02BF0098C2D9 /* Frameworks */ = {
			isa = PBXFrameworksBuildPhase;
			buildActionMask = 2147483647;
			files = (
				A0D2F3AD1AD900728949783E /* Pods_Test.framework in Frameworks */,
			);
			runOnlyForDeploymentPostprocessing = 0;
		};
/* End PBXFrameworksBuildPhase section */

/* Begin PBXGroup section */
		4F3C05B5BE6D67D22796770C /* Frameworks */ = {
			isa = PBXGroup;
			children = (
				536AD88437D79D99D975C13E /* Pods_Test.framework */,
			);
			name = Frameworks;
			sourceTree = "<group>";
		};
		BC79ECDC2B9B02BF0098C2D9 = {
			isa = PBXGroup;
			children = (
				BC79ECE72B9B02BF0098C2D9 /* Test */,
				BC79ECE62B9B02BF0098C2D9 /* Products */,
				E04EE43B037B8D28E8B8A553 /* Pods */,
				4F3C05B5BE6D67D22796770C /* Frameworks */,
			);
			sourceTree = "<group>";
		};
		BC79ECE62B9B02BF0098C2D9 /* Products */ = {
			isa = PBXGroup;
			children = (
				BC79ECE52B9B02BF0098C2D9 /* Test.app */,
			);
			name = Products;
			sourceTree = "<group>";
		};
		BC79ECE72B9B02BF0098C2D9 /* Test */ = {
			isa = PBXGroup;
			children = (
				BC79ED102BA13C1C0098C2D9 /* ViewModel */,
				BC79ED0F2BA13C130098C2D9 /* Model */,
				BC79ED042B9EAD890098C2D9 /* utils */,
				BC79ED012B9C3B500098C2D9 /* ViewController */,
				BC79ECFC2B9B15E00098C2D9 /* View */,
				BC79ECE82B9B02BF0098C2D9 /* AppDelegate.swift */,
				BC79ECEE2B9B02BF0098C2D9 /* Main.storyboard */,
				BC79ECF12B9B02C10098C2D9 /* Assets.xcassets */,
				BC79ECF32B9B02C10098C2D9 /* LaunchScreen.storyboard */,
				BC79ECF62B9B02C10098C2D9 /* Info.plist */,
			);
			path = Test;
			sourceTree = "<group>";
		};
		BC79ECFC2B9B15E00098C2D9 /* View */ = {
			isa = PBXGroup;
			children = (
				BC79ED192BA17A260098C2D9 /* HeaderVIew.swift */,
				BC79ECFD2B9B167F0098C2D9 /* loginTextfieldView.swift */,
				BC79ED1B2BA185BD0098C2D9 /* LoginTextItemView.swift */,
				BC79ED092B9F185D0098C2D9 /* LoginTextField+TextFieldDetegate.swift */,
				BC79ED1D2BA190650098C2D9 /* LoginButtonAndprivacyTextView.swift */,
				BC79ED072B9F010B0098C2D9 /* MaskView.swift */,
				BC79ED022B9C3B7D0098C2D9 /* LoginViewController.swift */,
			);
			path = View;
			sourceTree = "<group>";
		};
		BC79ED012B9C3B500098C2D9 /* ViewController */ = {
			isa = PBXGroup;
			children = (
				BC79ECEC2B9B02BF0098C2D9 /* ViewController.swift */,
				BC79ED0D2B9F2A4A0098C2D9 /* VIewController+LoginFunc.swift */,
				BC79ED0B2B9F29800098C2D9 /* ViewController+CaptchaFunc.swift */,
				BC79ED172BA153A90098C2D9 /* LoginTextFieldViewController.swift */,
			);
			path = ViewController;
			sourceTree = "<group>";
		};
		BC79ED042B9EAD890098C2D9 /* utils */ = {
			isa = PBXGroup;
			children = (
				BC79ED052B9EAD9E0098C2D9 /* timer.swift */,
			);
			path = utils;
			sourceTree = "<group>";
		};
		BC79ED0F2BA13C130098C2D9 /* Model */ = {
			isa = PBXGroup;
			children = (
				BC79ED112BA141480098C2D9 /* loginTextFieldModel.swift */,
			);
			path = Model;
			sourceTree = "<group>";
		};
		BC79ED102BA13C1C0098C2D9 /* ViewModel */ = {
			isa = PBXGroup;
			children = (
				BC79ED152BA142940098C2D9 /* LoginTextFieldViewModel.swift */,
			);
			path = ViewModel;
			sourceTree = "<group>";
		};
		E04EE43B037B8D28E8B8A553 /* Pods */ = {
			isa = PBXGroup;
			children = (
				64DAF0E4FC5FF95FA0DB8F39 /* Pods-Test.debug.xcconfig */,
				FD107B98BC9C29F17B9C8AB0 /* Pods-Test.release.xcconfig */,
			);
			path = Pods;
			sourceTree = "<group>";
		};
/* End PBXGroup section */

/* Begin PBXNativeTarget section */
		BC79ECE42B9B02BF0098C2D9 /* Test */ = {
			isa = PBXNativeTarget;
			buildConfigurationList = BC79ECF92B9B02C10098C2D9 /* Build configuration list for PBXNativeTarget "Test" */;
			buildPhases = (
				B1545E628E3495570E1EC765 /* [CP] Check Pods Manifest.lock */,
				BC79ECE12B9B02BF0098C2D9 /* Sources */,
				BC79ECE22B9B02BF0098C2D9 /* Frameworks */,
				BC79ECE32B9B02BF0098C2D9 /* Resources */,
				B6FDBA6AC2234D760B6DF14A /* [CP] Embed Pods Frameworks */,
			);
			buildRules = (
			);
			dependencies = (
			);
			name = Test;
			productName = Test;
			productReference = BC79ECE52B9B02BF0098C2D9 /* Test.app */;
			productType = "com.apple.product-type.application";
		};
/* End PBXNativeTarget section */

/* Begin PBXProject section */
		BC79ECDD2B9B02BF0098C2D9 /* Project object */ = {
			isa = PBXProject;
			attributes = {
				BuildIndependentTargetsInParallel = 1;
				LastSwiftUpdateCheck = 1520;
				LastUpgradeCheck = 1520;
				TargetAttributes = {
					BC79ECE42B9B02BF0098C2D9 = {
						CreatedOnToolsVersion = 15.2;
					};
				};
			};
			buildConfigurationList = BC79ECE02B9B02BF0098C2D9 /* Build configuration list for PBXProject "Test" */;
			compatibilityVersion = "Xcode 14.0";
			developmentRegion = en;
			hasScannedForEncodings = 0;
			knownRegions = (
				en,
				Base,
			);
			mainGroup = BC79ECDC2B9B02BF0098C2D9;
			productRefGroup = BC79ECE62B9B02BF0098C2D9 /* Products */;
			projectDirPath = "";
			projectRoot = "";
			targets = (
				BC79ECE42B9B02BF0098C2D9 /* Test */,
			);
		};
/* End PBXProject section */

/* Begin PBXResourcesBuildPhase section */
		BC79ECE32B9B02BF0098C2D9 /* Resources */ = {
			isa = PBXResourcesBuildPhase;
			buildActionMask = 2147483647;
			files = (
				BC79ECF52B9B02C10098C2D9 /* LaunchScreen.storyboard in Resources */,
				BC79ECF22B9B02C10098C2D9 /* Assets.xcassets in Resources */,
				BC79ECF02B9B02BF0098C2D9 /* Main.storyboard in Resources */,
			);
			runOnlyForDeploymentPostprocessing = 0;
		};
/* End PBXResourcesBuildPhase section */

/* Begin PBXShellScriptBuildPhase section */
		B1545E628E3495570E1EC765 /* [CP] Check Pods Manifest.lock */ = {
			isa = PBXShellScriptBuildPhase;
			buildActionMask = 2147483647;
			files = (
			);
			inputFileListPaths = (
			);
			inputPaths = (
				"${PODS_PODFILE_DIR_PATH}/Podfile.lock",
				"${PODS_ROOT}/Manifest.lock",
			);
			name = "[CP] Check Pods Manifest.lock";
			outputFileListPaths = (
			);
			outputPaths = (
				"$(DERIVED_FILE_DIR)/Pods-Test-checkManifestLockResult.txt",
			);
			runOnlyForDeploymentPostprocessing = 0;
			shellPath = /bin/sh;
			shellScript = "diff \"${PODS_PODFILE_DIR_PATH}/Podfile.lock\" \"${PODS_ROOT}/Manifest.lock\" > /dev/null\nif [ $? != 0 ] ; then\n    # print error to STDERR\n    echo \"error: The sandbox is not in sync with the Podfile.lock. Run 'pod install' or update your CocoaPods installation.\" >&2\n    exit 1\nfi\n# This output is used by Xcode 'outputs' to avoid re-running this script phase.\necho \"SUCCESS\" > \"${SCRIPT_OUTPUT_FILE_0}\"\n";
			showEnvVarsInLog = 0;
		};
		B6FDBA6AC2234D760B6DF14A /* [CP] Embed Pods Frameworks */ = {
			isa = PBXShellScriptBuildPhase;
			buildActionMask = 2147483647;
			files = (
			);
			inputFileListPaths = (
				"${PODS_ROOT}/Target Support Files/Pods-Test/Pods-Test-frameworks-${CONFIGURATION}-input-files.xcfilelist",
			);
			name = "[CP] Embed Pods Frameworks";
			outputFileListPaths = (
				"${PODS_ROOT}/Target Support Files/Pods-Test/Pods-Test-frameworks-${CONFIGURATION}-output-files.xcfilelist",
			);
			runOnlyForDeploymentPostprocessing = 0;
			shellPath = /bin/sh;
			shellScript = "\"${PODS_ROOT}/Target Support Files/Pods-Test/Pods-Test-frameworks.sh\"\n";
			showEnvVarsInLog = 0;
		};
/* End PBXShellScriptBuildPhase section */

/* Begin PBXSourcesBuildPhase section */
		BC79ECE12B9B02BF0098C2D9 /* Sources */ = {
			isa = PBXSourcesBuildPhase;
			buildActionMask = 2147483647;
			files = (
				BC79ED1A2BA17A260098C2D9 /* HeaderVIew.swift in Sources */,
				BC79ED0E2B9F2A4A0098C2D9 /* VIewController+LoginFunc.swift in Sources */,
				BC79ED122BA141480098C2D9 /* loginTextFieldModel.swift in Sources */,
				BC79ECED2B9B02BF0098C2D9 /* ViewController.swift in Sources */,
				BC79ECFE2B9B167F0098C2D9 /* loginTextfieldView.swift in Sources */,
				BC79ED1E2BA190650098C2D9 /* LoginButtonAndprivacyTextView.swift in Sources */,
				BC79ED0A2B9F185D0098C2D9 /* LoginTextField+TextFieldDetegate.swift in Sources */,
				BC79ED062B9EAD9E0098C2D9 /* timer.swift in Sources */,
				BC79ED162BA142940098C2D9 /* LoginTextFieldViewModel.swift in Sources */,
				BC79ED1C2BA185BD0098C2D9 /* LoginTextItemView.swift in Sources */,
				BC79ED032B9C3B7D0098C2D9 /* LoginViewController.swift in Sources */,
				BC79ECE92B9B02BF0098C2D9 /* AppDelegate.swift in Sources */,
				BC79ED0C2B9F29800098C2D9 /* ViewController+CaptchaFunc.swift in Sources */,
				BC79ED182BA153A90098C2D9 /* LoginTextFieldViewController.swift in Sources */,
				BC79ED082B9F010B0098C2D9 /* MaskView.swift in Sources */,
			);
			runOnlyForDeploymentPostprocessing = 0;
		};
/* End PBXSourcesBuildPhase section */

/* Begin PBXVariantGroup section */
		BC79ECEE2B9B02BF0098C2D9 /* Main.storyboard */ = {
			isa = PBXVariantGroup;
			children = (
				BC79ECEF2B9B02BF0098C2D9 /* Base */,
			);
			name = Main.storyboard;
			sourceTree = "<group>";
		};
		BC79ECF32B9B02C10098C2D9 /* LaunchScreen.storyboard */ = {
			isa = PBXVariantGroup;
			children = (
				BC79ECF42B9B02C10098C2D9 /* Base */,
			);
			name = LaunchScreen.storyboard;
			sourceTree = "<group>";
		};
/* End PBXVariantGroup section */

/* Begin XCBuildConfiguration section */
		BC79ECF72B9B02C10098C2D9 /* Debug */ = {
			isa = XCBuildConfiguration;
			buildSettings = {
				ALWAYS_SEARCH_USER_PATHS = NO;
				ASSETCATALOG_COMPILER_GENERATE_SWIFT_ASSET_SYMBOL_EXTENSIONS = YES;
				CLANG_ANALYZER_NONNULL = YES;
				CLANG_ANALYZER_NUMBER_OBJECT_CONVERSION = YES_AGGRESSIVE;
				CLANG_CXX_LANGUAGE_STANDARD = "gnu++20";
				CLANG_ENABLE_MODULES = YES;
				CLANG_ENABLE_OBJC_ARC = YES;
				CLANG_ENABLE_OBJC_WEAK = YES;
				CLANG_WARN_BLOCK_CAPTURE_AUTORELEASING = YES;
				CLANG_WARN_BOOL_CONVERSION = YES;
				CLANG_WARN_COMMA = YES;
				CLANG_WARN_CONSTANT_CONVERSION = YES;
				CLANG_WARN_DEPRECATED_OBJC_IMPLEMENTATIONS = YES;
				CLANG_WARN_DIRECT_OBJC_ISA_USAGE = YES_ERROR;
				CLANG_WARN_DOCUMENTATION_COMMENTS = YES;
				CLANG_WARN_EMPTY_BODY = YES;
				CLANG_WARN_ENUM_CONVERSION = YES;
				CLANG_WARN_INFINITE_RECURSION = YES;
				CLANG_WARN_INT_CONVERSION = YES;
				CLANG_WARN_NON_LITERAL_NULL_CONVERSION = YES;
				CLANG_WARN_OBJC_IMPLICIT_RETAIN_SELF = YES;
				CLANG_WARN_OBJC_LITERAL_CONVERSION = YES;
				CLANG_WARN_OBJC_ROOT_CLASS = YES_ERROR;
				CLANG_WARN_QUOTED_INCLUDE_IN_FRAMEWORK_HEADER = YES;
				CLANG_WARN_RANGE_LOOP_ANALYSIS = YES;
				CLANG_WARN_STRICT_PROTOTYPES = YES;
				CLANG_WARN_SUSPICIOUS_MOVE = YES;
				CLANG_WARN_UNGUARDED_AVAILABILITY = YES_AGGRESSIVE;
				CLANG_WARN_UNREACHABLE_CODE = YES;
				CLANG_WARN__DUPLICATE_METHOD_MATCH = YES;
				COPY_PHASE_STRIP = NO;
				DEBUG_INFORMATION_FORMAT = dwarf;
				ENABLE_STRICT_OBJC_MSGSEND = YES;
				ENABLE_TESTABILITY = YES;
				ENABLE_USER_SCRIPT_SANDBOXING = YES;
				GCC_C_LANGUAGE_STANDARD = gnu17;
				GCC_DYNAMIC_NO_PIC = NO;
				GCC_NO_COMMON_BLOCKS = YES;
				GCC_OPTIMIZATION_LEVEL = 0;
				GCC_PREPROCESSOR_DEFINITIONS = (
					"DEBUG=1",
					"$(inherited)",
				);
				GCC_WARN_64_TO_32_BIT_CONVERSION = YES;
				GCC_WARN_ABOUT_RETURN_TYPE = YES_ERROR;
				GCC_WARN_UNDECLARED_SELECTOR = YES;
				GCC_WARN_UNINITIALIZED_AUTOS = YES_AGGRESSIVE;
				GCC_WARN_UNUSED_FUNCTION = YES;
				GCC_WARN_UNUSED_VARIABLE = YES;
				IPHONEOS_DEPLOYMENT_TARGET = 17.2;
				LOCALIZATION_PREFERS_STRING_CATALOGS = YES;
				MTL_ENABLE_DEBUG_INFO = INCLUDE_SOURCE;
				MTL_FAST_MATH = YES;
				ONLY_ACTIVE_ARCH = YES;
				SDKROOT = iphoneos;
				SWIFT_ACTIVE_COMPILATION_CONDITIONS = "DEBUG $(inherited)";
				SWIFT_OPTIMIZATION_LEVEL = "-Onone";
			};
			name = Debug;
		};
		BC79ECF82B9B02C10098C2D9 /* Release */ = {
			isa = XCBuildConfiguration;
			buildSettings = {
				ALWAYS_SEARCH_USER_PATHS = NO;
				ASSETCATALOG_COMPILER_GENERATE_SWIFT_ASSET_SYMBOL_EXTENSIONS = YES;
				CLANG_ANALYZER_NONNULL = YES;
				CLANG_ANALYZER_NUMBER_OBJECT_CONVERSION = YES_AGGRESSIVE;
				CLANG_CXX_LANGUAGE_STANDARD = "gnu++20";
				CLANG_ENABLE_MODULES = YES;
				CLANG_ENABLE_OBJC_ARC = YES;
				CLANG_ENABLE_OBJC_WEAK = YES;
				CLANG_WARN_BLOCK_CAPTURE_AUTORELEASING = YES;
				CLANG_WARN_BOOL_CONVERSION = YES;
				CLANG_WARN_COMMA = YES;
				CLANG_WARN_CONSTANT_CONVERSION = YES;
				CLANG_WARN_DEPRECATED_OBJC_IMPLEMENTATIONS = YES;
				CLANG_WARN_DIRECT_OBJC_ISA_USAGE = YES_ERROR;
				CLANG_WARN_DOCUMENTATION_COMMENTS = YES;
				CLANG_WARN_EMPTY_BODY = YES;
				CLANG_WARN_ENUM_CONVERSION = YES;
				CLANG_WARN_INFINITE_RECURSION = YES;
				CLANG_WARN_INT_CONVERSION = YES;
				CLANG_WARN_NON_LITERAL_NULL_CONVERSION = YES;
				CLANG_WARN_OBJC_IMPLICIT_RETAIN_SELF = YES;
				CLANG_WARN_OBJC_LITERAL_CONVERSION = YES;
				CLANG_WARN_OBJC_ROOT_CLASS = YES_ERROR;
				CLANG_WARN_QUOTED_INCLUDE_IN_FRAMEWORK_HEADER = YES;
				CLANG_WARN_RANGE_LOOP_ANALYSIS = YES;
				CLANG_WARN_STRICT_PROTOTYPES = YES;
				CLANG_WARN_SUSPICIOUS_MOVE = YES;
				CLANG_WARN_UNGUARDED_AVAILABILITY = YES_AGGRESSIVE;
				CLANG_WARN_UNREACHABLE_CODE = YES;
				CLANG_WARN__DUPLICATE_METHOD_MATCH = YES;
				COPY_PHASE_STRIP = NO;
				DEBUG_INFORMATION_FORMAT = "dwarf-with-dsym";
				ENABLE_NS_ASSERTIONS = NO;
				ENABLE_STRICT_OBJC_MSGSEND = YES;
				ENABLE_USER_SCRIPT_SANDBOXING = YES;
				GCC_C_LANGUAGE_STANDARD = gnu17;
				GCC_NO_COMMON_BLOCKS = YES;
				GCC_WARN_64_TO_32_BIT_CONVERSION = YES;
				GCC_WARN_ABOUT_RETURN_TYPE = YES_ERROR;
				GCC_WARN_UNDECLARED_SELECTOR = YES;
				GCC_WARN_UNINITIALIZED_AUTOS = YES_AGGRESSIVE;
				GCC_WARN_UNUSED_FUNCTION = YES;
				GCC_WARN_UNUSED_VARIABLE = YES;
				IPHONEOS_DEPLOYMENT_TARGET = 17.2;
				LOCALIZATION_PREFERS_STRING_CATALOGS = YES;
				MTL_ENABLE_DEBUG_INFO = NO;
				MTL_FAST_MATH = YES;
				SDKROOT = iphoneos;
				SWIFT_COMPILATION_MODE = wholemodule;
				VALIDATE_PRODUCT = YES;
			};
			name = Release;
		};
		BC79ECFA2B9B02C10098C2D9 /* Debug */ = {
			isa = XCBuildConfiguration;
			baseConfigurationReference = 64DAF0E4FC5FF95FA0DB8F39 /* Pods-Test.debug.xcconfig */;
			buildSettings = {
				ASSETCATALOG_COMPILER_APPICON_NAME = AppIcon;
				ASSETCATALOG_COMPILER_GLOBAL_ACCENT_COLOR_NAME = AccentColor;
				CODE_SIGN_STYLE = Automatic;
				CURRENT_PROJECT_VERSION = 1;
				DEVELOPMENT_TEAM = VU39HDSXS8;
				ENABLE_USER_SCRIPT_SANDBOXING = NO;
				GENERATE_INFOPLIST_FILE = YES;
				INFOPLIST_FILE = Test/Info.plist;
				INFOPLIST_KEY_UIApplicationSupportsIndirectInputEvents = YES;
				INFOPLIST_KEY_UILaunchStoryboardName = LaunchScreen;
				INFOPLIST_KEY_UIMainStoryboardFile = Main;
				INFOPLIST_KEY_UISupportedInterfaceOrientations_iPad = "UIInterfaceOrientationPortrait UIInterfaceOrientationPortraitUpsideDown UIInterfaceOrientationLandscapeLeft UIInterfaceOrientationLandscapeRight";
				INFOPLIST_KEY_UISupportedInterfaceOrientations_iPhone = "UIInterfaceOrientationPortrait UIInterfaceOrientationLandscapeLeft UIInterfaceOrientationLandscapeRight";
				IPHONEOS_DEPLOYMENT_TARGET = 15.0;
				LD_RUNPATH_SEARCH_PATHS = (
					"$(inherited)",
					"@executable_path/Frameworks",
				);
				MARKETING_VERSION = 1.0;
				PRODUCT_BUNDLE_IDENTIFIER = zyanux.Test;
				PRODUCT_NAME = "$(TARGET_NAME)";
				SUPPORTED_PLATFORMS = "iphoneos iphonesimulator";
				SUPPORTS_MACCATALYST = NO;
				SUPPORTS_MAC_DESIGNED_FOR_IPHONE_IPAD = NO;
				SUPPORTS_XR_DESIGNED_FOR_IPHONE_IPAD = NO;
				SWIFT_EMIT_LOC_STRINGS = YES;
				SWIFT_VERSION = 5.0;
				TARGETED_DEVICE_FAMILY = 1;
			};
			name = Debug;
		};
		BC79ECFB2B9B02C10098C2D9 /* Release */ = {
			isa = XCBuildConfiguration;
			baseConfigurationReference = FD107B98BC9C29F17B9C8AB0 /* Pods-Test.release.xcconfig */;
			buildSettings = {
				ASSETCATALOG_COMPILER_APPICON_NAME = AppIcon;
				ASSETCATALOG_COMPILER_GLOBAL_ACCENT_COLOR_NAME = AccentColor;
				CODE_SIGN_STYLE = Automatic;
				CURRENT_PROJECT_VERSION = 1;
				DEVELOPMENT_TEAM = VU39HDSXS8;
				ENABLE_USER_SCRIPT_SANDBOXING = NO;
				GENERATE_INFOPLIST_FILE = YES;
				INFOPLIST_FILE = Test/Info.plist;
				INFOPLIST_KEY_UIApplicationSupportsIndirectInputEvents = YES;
				INFOPLIST_KEY_UILaunchStoryboardName = LaunchScreen;
				INFOPLIST_KEY_UIMainStoryboardFile = Main;
				INFOPLIST_KEY_UISupportedInterfaceOrientations_iPad = "UIInterfaceOrientationPortrait UIInterfaceOrientationPortraitUpsideDown UIInterfaceOrientationLandscapeLeft UIInterfaceOrientationLandscapeRight";
				INFOPLIST_KEY_UISupportedInterfaceOrientations_iPhone = "UIInterfaceOrientationPortrait UIInterfaceOrientationLandscapeLeft UIInterfaceOrientationLandscapeRight";
				IPHONEOS_DEPLOYMENT_TARGET = 15.0;
				LD_RUNPATH_SEARCH_PATHS = (
					"$(inherited)",
					"@executable_path/Frameworks",
				);
				MARKETING_VERSION = 1.0;
				PRODUCT_BUNDLE_IDENTIFIER = zyanux.Test;
				PRODUCT_NAME = "$(TARGET_NAME)";
				SUPPORTED_PLATFORMS = "iphoneos iphonesimulator";
				SUPPORTS_MACCATALYST = NO;
				SUPPORTS_MAC_DESIGNED_FOR_IPHONE_IPAD = NO;
				SUPPORTS_XR_DESIGNED_FOR_IPHONE_IPAD = NO;
				SWIFT_EMIT_LOC_STRINGS = YES;
				SWIFT_VERSION = 5.0;
				TARGETED_DEVICE_FAMILY = 1;
			};
			name = Release;
		};
/* End XCBuildConfiguration section */

/* Begin XCConfigurationList section */
		BC79ECE02B9B02BF0098C2D9 /* Build configuration list for PBXProject "Test" */ = {
			isa = XCConfigurationList;
			buildConfigurations = (
				BC79ECF72B9B02C10098C2D9 /* Debug */,
				BC79ECF82B9B02C10098C2D9 /* Release */,
			);
			defaultConfigurationIsVisible = 0;
			defaultConfigurationName = Release;
		};
		BC79ECF92B9B02C10098C2D9 /* Build configuration list for PBXNativeTarget "Test" */ = {
			isa = XCConfigurationList;
			buildConfigurations = (
				BC79ECFA2B9B02C10098C2D9 /* Debug */,
				BC79ECFB2B9B02C10098C2D9 /* Release */,
			);
			defaultConfigurationIsVisible = 0;
			defaultConfigurationName = Release;
		};
/* End XCConfigurationList section */
	};
	rootObject = BC79ECDD2B9B02BF0098C2D9 /* Project object */;
}
